
Microsoft Visual Studio Solution File, Format Version 11.00
# Visual Studio 2010
Project("{FAE04EC0-301F-11D3-BF4B-00C04F79EFBC}") = "Project3", "Project3\Project3.csproj", "{18716544-98D0-4B72-B5C6-750E23BA7E15}"
EndProject
Global
	GlobalSection(SolutionConfigurationPlatforms) = preSolution
		Debug|Any CPU = Debug|Any CPU
		Release|Any CPU = Release|Any CPU
	EndGlobalSection
	GlobalSection(ProjectConfigurationPlatforms) = postSolution
		{18716544-98D0-4B72-B5C6-750E23BA7E15}.Debug|Any CPU.ActiveCfg = Debug|Any CPU
		{18716544-98D0-4B72-B5C6-750E23BA7E15}.Debug|Any CPU.Build.0 = Debug|Any CPU
		{18716544-98D0-4B72-B5C6-750E23BA7E15}.Release|Any CPU.ActiveCfg = Release|Any CPU
		{18716544-98D0-4B72-B5C6-750E23BA7E15}.Release|Any CPU.Build.0 = Release|Any CPU
	EndGlobalSection
	GlobalSection(SolutionProperties) = preSolution
		HideSolutionNode = FALSE
	EndGlobalSection
EndGlobal
