
Microsoft Visual Studio Solution File, Format Version 11.00
# Visual Studio 2010
Project("{E24C65DC-7377-472B-9ABA-BC803B73C61A}") = "Project3", "..\..\..\..\Project3\", "{9D7B6F6E-BF93-4F1A-9388-2ADF1B5E2C7C}"
	ProjectSection(WebsiteProperties) = preProject
		TargetFrameworkMoniker = ".NETFramework,Version%3Dv4.0"
		Debug.AspNetCompiler.VirtualPath = "/Project3"
		Debug.AspNetCompiler.PhysicalPath = "..\..\..\..\Project3\"
		Debug.AspNetCompiler.TargetPath = "PrecompiledWeb\Project3\"
		Debug.AspNetCompiler.Updateable = "true"
		Debug.AspNetCompiler.ForceOverwrite = "true"
		Debug.AspNetCompiler.FixedNames = "false"
		Debug.AspNetCompiler.Debug = "True"
		Release.AspNetCompiler.VirtualPath = "/Project3"
		Release.AspNetCompiler.PhysicalPath = "..\..\..\..\Project3\"
		Release.AspNetCompiler.TargetPath = "PrecompiledWeb\Project3\"
		Release.AspNetCompiler.Updateable = "true"
		Release.AspNetCompiler.ForceOverwrite = "true"
		Release.AspNetCompiler.FixedNames = "false"
		Release.AspNetCompiler.Debug = "False"
		VWDPort = "49628"
		DefaultWebSiteLanguage = "Visual C#"
	EndProjectSection
EndProject
Project("{FAE04EC0-301F-11D3-BF4B-00C04F79EFBC}") = "testWCF", "..\..\..\..\Project3\testWCF\testWCF.csproj", "{7D37CF5F-3009-41EC-B91D-0E732299EC8F}"
	ProjectSection(ProjectDependencies) = postProject
		{9D7B6F6E-BF93-4F1A-9388-2ADF1B5E2C7C} = {9D7B6F6E-BF93-4F1A-9388-2ADF1B5E2C7C}
	EndProjectSection
EndProject
Global
	GlobalSection(SolutionConfigurationPlatforms) = preSolution
		Debug|Any CPU = Debug|Any CPU
		Debug|Mixed Platforms = Debug|Mixed Platforms
		Debug|x86 = Debug|x86
		Release|Any CPU = Release|Any CPU
		Release|Mixed Platforms = Release|Mixed Platforms
		Release|x86 = Release|x86
	EndGlobalSection
	GlobalSection(ProjectConfigurationPlatforms) = postSolution
		{9D7B6F6E-BF93-4F1A-9388-2ADF1B5E2C7C}.Debug|Any CPU.ActiveCfg = Debug|Any CPU
		{9D7B6F6E-BF93-4F1A-9388-2ADF1B5E2C7C}.Debug|Any CPU.Build.0 = Debug|Any CPU
		{9D7B6F6E-BF93-4F1A-9388-2ADF1B5E2C7C}.Debug|Mixed Platforms.ActiveCfg = Debug|Any CPU
		{9D7B6F6E-BF93-4F1A-9388-2ADF1B5E2C7C}.Debug|Mixed Platforms.Build.0 = Debug|Any CPU
		{9D7B6F6E-BF93-4F1A-9388-2ADF1B5E2C7C}.Debug|x86.ActiveCfg = Debug|Any CPU
		{9D7B6F6E-BF93-4F1A-9388-2ADF1B5E2C7C}.Release|Any CPU.ActiveCfg = Debug|Any CPU
		{9D7B6F6E-BF93-4F1A-9388-2ADF1B5E2C7C}.Release|Any CPU.Build.0 = Debug|Any CPU
		{9D7B6F6E-BF93-4F1A-9388-2ADF1B5E2C7C}.Release|Mixed Platforms.ActiveCfg = Debug|Any CPU
		{9D7B6F6E-BF93-4F1A-9388-2ADF1B5E2C7C}.Release|Mixed Platforms.Build.0 = Debug|Any CPU
		{9D7B6F6E-BF93-4F1A-9388-2ADF1B5E2C7C}.Release|x86.ActiveCfg = Debug|Any CPU
		{7D37CF5F-3009-41EC-B91D-0E732299EC8F}.Debug|Any CPU.ActiveCfg = Debug|x86
		{7D37CF5F-3009-41EC-B91D-0E732299EC8F}.Debug|Mixed Platforms.ActiveCfg = Debug|x86
		{7D37CF5F-3009-41EC-B91D-0E732299EC8F}.Debug|Mixed Platforms.Build.0 = Debug|x86
		{7D37CF5F-3009-41EC-B91D-0E732299EC8F}.Debug|x86.ActiveCfg = Debug|x86
		{7D37CF5F-3009-41EC-B91D-0E732299EC8F}.Debug|x86.Build.0 = Debug|x86
		{7D37CF5F-3009-41EC-B91D-0E732299EC8F}.Release|Any CPU.ActiveCfg = Release|x86
		{7D37CF5F-3009-41EC-B91D-0E732299EC8F}.Release|Mixed Platforms.ActiveCfg = Release|x86
		{7D37CF5F-3009-41EC-B91D-0E732299EC8F}.Release|Mixed Platforms.Build.0 = Release|x86
		{7D37CF5F-3009-41EC-B91D-0E732299EC8F}.Release|x86.ActiveCfg = Release|x86
		{7D37CF5F-3009-41EC-B91D-0E732299EC8F}.Release|x86.Build.0 = Release|x86
	EndGlobalSection
	GlobalSection(SolutionProperties) = preSolution
		HideSolutionNode = FALSE
	EndGlobalSection
EndGlobal
